
Microsoft Visual Studio Solution File, Format Version 12.00
# Visual Studio 2012
Project("{FAE04EC0-301F-11D3-BF4B-00C04F79EFBC}") = "StringCalculatorTest", "StringCalculatorTest\StringCalculatorTest.csproj", "{2D9CAB52-7A25-4632-9BE0-3331BAF142E0}"
EndProject
Project("{FAE04EC0-301F-11D3-BF4B-00C04F79EFBC}") = "Calculator", "Calculator\Calculator.csproj", "{B421F663-D15C-4685-A2E7-7EE5CCAD38BB}"
EndProject
Global
	GlobalSection(SolutionConfigurationPlatforms) = preSolution
		Debug|Any CPU = Debug|Any CPU
		Release|Any CPU = Release|Any CPU
	EndGlobalSection
	GlobalSection(ProjectConfigurationPlatforms) = postSolution
		{2D9CAB52-7A25-4632-9BE0-3331BAF142E0}.Debug|Any CPU.ActiveCfg = Debug|Any CPU
		{2D9CAB52-7A25-4632-9BE0-3331BAF142E0}.Debug|Any CPU.Build.0 = Debug|Any CPU
		{2D9CAB52-7A25-4632-9BE0-3331BAF142E0}.Release|Any CPU.ActiveCfg = Release|Any CPU
		{2D9CAB52-7A25-4632-9BE0-3331BAF142E0}.Release|Any CPU.Build.0 = Release|Any CPU
		{B421F663-D15C-4685-A2E7-7EE5CCAD38BB}.Debug|Any CPU.ActiveCfg = Debug|Any CPU
		{B421F663-D15C-4685-A2E7-7EE5CCAD38BB}.Debug|Any CPU.Build.0 = Debug|Any CPU
		{B421F663-D15C-4685-A2E7-7EE5CCAD38BB}.Release|Any CPU.ActiveCfg = Release|Any CPU
		{B421F663-D15C-4685-A2E7-7EE5CCAD38BB}.Release|Any CPU.Build.0 = Release|Any CPU
	EndGlobalSection
	GlobalSection(SolutionProperties) = preSolution
		HideSolutionNode = FALSE
	EndGlobalSection
EndGlobal
