
Microsoft Visual Studio Solution File, Format Version 12.00
# Visual Studio 2012
Project("{FAE04EC0-301F-11D3-BF4B-00C04F79EFBC}") = "Cluster", "Cluster\Cluster.csproj", "{EF194A4D-5398-4764-BD92-9515449296C9}"
EndProject
Project("{FAE04EC0-301F-11D3-BF4B-00C04F79EFBC}") = "Communication", "Communication\Communication.csproj", "{1D383821-18EA-4332-9B71-CD3F0B84B6D8}"
EndProject
Project("{FAE04EC0-301F-11D3-BF4B-00C04F79EFBC}") = "TestCluster", "TestCluster\TestCluster.csproj", "{B6FD3A9F-1A78-430A-B895-D58919F8E81A}"
EndProject
Project("{FAE04EC0-301F-11D3-BF4B-00C04F79EFBC}") = "CommunicationServer", "CommunicationServer\CommunicationServer.csproj", "{7803A0DA-8639-4BC4-9F96-3486460493AB}"
EndProject
Project("{FAE04EC0-301F-11D3-BF4B-00C04F79EFBC}") = "ComputationalNode", "ComputationalNode\ComputationalNode.csproj", "{2ADF8E1A-5A96-441B-98B1-27644971357A}"
EndProject
Project("{FAE04EC0-301F-11D3-BF4B-00C04F79EFBC}") = "TaskManager", "TaskManager\TaskManager.csproj", "{CBD22081-0767-441C-A0D0-69BC092E9238}"
EndProject
Project("{FAE04EC0-301F-11D3-BF4B-00C04F79EFBC}") = "ComputationalClient", "ComputationalClient\ComputationalClient.csproj", "{37C2C9FF-9B36-48F8-85DE-2C7711392ACC}"
EndProject
Global
	GlobalSection(SolutionConfigurationPlatforms) = preSolution
		Debug|Any CPU = Debug|Any CPU
		Release|Any CPU = Release|Any CPU
	EndGlobalSection
	GlobalSection(ProjectConfigurationPlatforms) = postSolution
		{EF194A4D-5398-4764-BD92-9515449296C9}.Debug|Any CPU.ActiveCfg = Debug|Any CPU
		{EF194A4D-5398-4764-BD92-9515449296C9}.Debug|Any CPU.Build.0 = Debug|Any CPU
		{EF194A4D-5398-4764-BD92-9515449296C9}.Release|Any CPU.ActiveCfg = Release|Any CPU
		{EF194A4D-5398-4764-BD92-9515449296C9}.Release|Any CPU.Build.0 = Release|Any CPU
		{1D383821-18EA-4332-9B71-CD3F0B84B6D8}.Debug|Any CPU.ActiveCfg = Debug|Any CPU
		{1D383821-18EA-4332-9B71-CD3F0B84B6D8}.Debug|Any CPU.Build.0 = Debug|Any CPU
		{1D383821-18EA-4332-9B71-CD3F0B84B6D8}.Release|Any CPU.ActiveCfg = Release|Any CPU
		{1D383821-18EA-4332-9B71-CD3F0B84B6D8}.Release|Any CPU.Build.0 = Release|Any CPU
		{B6FD3A9F-1A78-430A-B895-D58919F8E81A}.Debug|Any CPU.ActiveCfg = Debug|Any CPU
		{B6FD3A9F-1A78-430A-B895-D58919F8E81A}.Debug|Any CPU.Build.0 = Debug|Any CPU
		{B6FD3A9F-1A78-430A-B895-D58919F8E81A}.Release|Any CPU.ActiveCfg = Release|Any CPU
		{B6FD3A9F-1A78-430A-B895-D58919F8E81A}.Release|Any CPU.Build.0 = Release|Any CPU
		{7803A0DA-8639-4BC4-9F96-3486460493AB}.Debug|Any CPU.ActiveCfg = Debug|Any CPU
		{7803A0DA-8639-4BC4-9F96-3486460493AB}.Debug|Any CPU.Build.0 = Debug|Any CPU
		{7803A0DA-8639-4BC4-9F96-3486460493AB}.Release|Any CPU.ActiveCfg = Release|Any CPU
		{7803A0DA-8639-4BC4-9F96-3486460493AB}.Release|Any CPU.Build.0 = Release|Any CPU
		{2ADF8E1A-5A96-441B-98B1-27644971357A}.Debug|Any CPU.ActiveCfg = Debug|Any CPU
		{2ADF8E1A-5A96-441B-98B1-27644971357A}.Debug|Any CPU.Build.0 = Debug|Any CPU
		{2ADF8E1A-5A96-441B-98B1-27644971357A}.Release|Any CPU.ActiveCfg = Release|Any CPU
		{2ADF8E1A-5A96-441B-98B1-27644971357A}.Release|Any CPU.Build.0 = Release|Any CPU
		{CBD22081-0767-441C-A0D0-69BC092E9238}.Debug|Any CPU.ActiveCfg = Debug|Any CPU
		{CBD22081-0767-441C-A0D0-69BC092E9238}.Debug|Any CPU.Build.0 = Debug|Any CPU
		{CBD22081-0767-441C-A0D0-69BC092E9238}.Release|Any CPU.ActiveCfg = Release|Any CPU
		{CBD22081-0767-441C-A0D0-69BC092E9238}.Release|Any CPU.Build.0 = Release|Any CPU
		{37C2C9FF-9B36-48F8-85DE-2C7711392ACC}.Debug|Any CPU.ActiveCfg = Debug|Any CPU
		{37C2C9FF-9B36-48F8-85DE-2C7711392ACC}.Debug|Any CPU.Build.0 = Debug|Any CPU
		{37C2C9FF-9B36-48F8-85DE-2C7711392ACC}.Release|Any CPU.ActiveCfg = Release|Any CPU
		{37C2C9FF-9B36-48F8-85DE-2C7711392ACC}.Release|Any CPU.Build.0 = Release|Any CPU
	EndGlobalSection
	GlobalSection(SolutionProperties) = preSolution
		HideSolutionNode = FALSE
	EndGlobalSection
EndGlobal
